
Microsoft Visual Studio Solution File, Format Version 12.00
# Visual Studio Version 16
VisualStudioVersion = 16.0.32413.511
MinimumVisualStudioVersion = 10.0.40219.1
Project("{2150E333-8FDC-42A3-9474-1A3956D46DE8}") = "Task0", "Task0", "{A8053540-5158-42F0-86FB-A8A69D001A87}"
EndProject
Project("{FAE04EC0-301F-11D3-BF4B-00C04F79EFBC}") = "Tyuiu.NikolaevaAN.Sprint5.Task0.V12", "Tyuiu.NikolaevaAN.Sprint5.Task0.V12\Tyuiu.NikolaevaAN.Sprint5.Task0.V12.csproj", "{658C4BD6-DD13-44F4-8A9F-ABC055CBBEEC}"
EndProject
Project("{FAE04EC0-301F-11D3-BF4B-00C04F79EFBC}") = "Tyuiu.NikolaevaAN.Sprint5.Task0.V12.Lib", "Tyuiu.NikolaevaAN.Sprint5.Task0.V12.Lib\Tyuiu.NikolaevaAN.Sprint5.Task0.V12.Lib.csproj", "{4666172F-70F1-46BE-BE0F-50424321AEF0}"
EndProject
Project("{FAE04EC0-301F-11D3-BF4B-00C04F79EFBC}") = "Tyuiu.NikolaevaAN.Sprint5.Task0.V12.Test", "Tyuiu.NikolaevaAN.Sprint5.Task0.V12.Test\Tyuiu.NikolaevaAN.Sprint5.Task0.V12.Test.csproj", "{8DD75083-14D2-4F62-8007-B3DC792ABDF7}"
EndProject
Project("{2150E333-8FDC-42A3-9474-1A3956D46DE8}") = "Task1", "Task1", "{78A0C163-AB54-4182-B832-7586A2534E30}"
EndProject
Project("{FAE04EC0-301F-11D3-BF4B-00C04F79EFBC}") = "Tyuiu.NikolaevaAN.Sprint5.Task1.V29", "Tyuiu.NikolaevaAN.Sprint5.Task1.V29\Tyuiu.NikolaevaAN.Sprint5.Task1.V29.csproj", "{81BF51CC-B8E5-4D20-A487-D84BD05F2629}"
EndProject
Project("{FAE04EC0-301F-11D3-BF4B-00C04F79EFBC}") = "Tyuiu.NikolaevaAN.Sprint5.Task1.V29.Lib", "Tyuiu.NikolaevaAN.Sprint5.Task1.V29.Lib\Tyuiu.NikolaevaAN.Sprint5.Task1.V29.Lib.csproj", "{0D748729-A304-4DFD-91F1-ADA7DDC1FB93}"
EndProject
Project("{FAE04EC0-301F-11D3-BF4B-00C04F79EFBC}") = "Tyuiu.NikolaevaAN.Sprint5.Task1.V29.Test", "Tyuiu.NikolaevaAN.Sprint5.Task1.V29.Test\Tyuiu.NikolaevaAN.Sprint5.Task1.V29.Test.csproj", "{7A27396B-B9D1-4FBB-B8C1-DBB4479D3F05}"
EndProject
Project("{2150E333-8FDC-42A3-9474-1A3956D46DE8}") = "Task2", "Task2", "{1211EC44-DCB4-4F12-8263-F0B84E0E7069}"
EndProject
Project("{FAE04EC0-301F-11D3-BF4B-00C04F79EFBC}") = "Tyuiu.NikolaevaAN.Sprint5.Task2.V25", "Tyuiu.NikolaevaAN.Sprint5.Task2.V25\Tyuiu.NikolaevaAN.Sprint5.Task2.V25.csproj", "{B2C8E593-7F4F-4A6E-9A57-263E25EFA019}"
EndProject
Project("{FAE04EC0-301F-11D3-BF4B-00C04F79EFBC}") = "Tyuiu.NikolaevaAN.Sprint5.Task2.V25.Lib", "Tyuiu.NikolaevaAN.Sprint5.Task2.V25.Lib\Tyuiu.NikolaevaAN.Sprint5.Task2.V25.Lib.csproj", "{8F612194-E08B-44FF-9900-E0544023AC1D}"
EndProject
Project("{FAE04EC0-301F-11D3-BF4B-00C04F79EFBC}") = "Tyuiu.NikolaevaAN.Sprint5.Task2.V25.Test", "Tyuiu.NikolaevaAN.Sprint5.Task2.V25.Test\Tyuiu.NikolaevaAN.Sprint5.Task2.V25.Test.csproj", "{1C2A95DC-7778-4844-B0F4-C41A0C532D91}"
EndProject
Project("{2150E333-8FDC-42A3-9474-1A3956D46DE8}") = "Task3", "Task3", "{3F2F953E-9EBF-439B-88B6-E5E729F60C1D}"
EndProject
Project("{FAE04EC0-301F-11D3-BF4B-00C04F79EFBC}") = "Tyuiu.NikolaevaAN.Sprint5.Task3.V15", "Tyuiu.NikolaevaAN.Sprint5.Task3.V15\Tyuiu.NikolaevaAN.Sprint5.Task3.V15.csproj", "{8EF303D4-D2D6-48FD-AD8D-E9A30952C0F4}"
EndProject
Project("{FAE04EC0-301F-11D3-BF4B-00C04F79EFBC}") = "Tyuiu.NikolaevaAN.Sprint5.Task3.V15.Lib", "Tyuiu.NikolaevaAN.Sprint5.Task3.V15.Lib\Tyuiu.NikolaevaAN.Sprint5.Task3.V15.Lib.csproj", "{92B38A4E-FA79-4368-B99D-2F981ED3692F}"
EndProject
Project("{FAE04EC0-301F-11D3-BF4B-00C04F79EFBC}") = "Tyuiu.NikolaevaAN.Sprint5.Task3.V15.Test", "Tyuiu.NikolaevaAN.Sprint5.Task3.V15.Test\Tyuiu.NikolaevaAN.Sprint5.Task3.V15.Test.csproj", "{64CAC394-DEB4-4309-A90A-66F278E75807}"
EndProject
Project("{2150E333-8FDC-42A3-9474-1A3956D46DE8}") = "Task4", "Task4", "{22102B51-ABBB-4369-B848-FE12A450245B}"
EndProject
Project("{FAE04EC0-301F-11D3-BF4B-00C04F79EFBC}") = "Tyuiu.NikolaevaAN.Sprint5.Task4.V2", "Tyuiu.NikolaevaAN.Sprint5.Task4.V2\Tyuiu.NikolaevaAN.Sprint5.Task4.V2.csproj", "{C200EAD7-D0FC-4964-B211-C21A567A8FB2}"
EndProject
Project("{FAE04EC0-301F-11D3-BF4B-00C04F79EFBC}") = "Tyuiu.NikolaevaAN.Sprint5.Task4.V2.Lib", "Tyuiu.NikolaevaAN.Sprint5.Task4.V2.Lib\Tyuiu.NikolaevaAN.Sprint5.Task4.V2.Lib.csproj", "{1263BCF3-C2CA-4BB2-BDA3-ABDE5A2E9009}"
EndProject
Project("{FAE04EC0-301F-11D3-BF4B-00C04F79EFBC}") = "Tyuiu.NikolaevaAN.Sprint5.Task4.V2.Test", "Tyuiu.NikolaevaAN.Sprint5.Task4.V2.Test\Tyuiu.NikolaevaAN.Sprint5.Task4.V2.Test.csproj", "{FFC5C968-2879-46D5-BD29-74A5F3EA1F2D}"
EndProject
Project("{2150E333-8FDC-42A3-9474-1A3956D46DE8}") = "Task5", "Task5", "{281478F2-9D6A-4C88-B107-F8FAED0674B8}"
EndProject
Project("{FAE04EC0-301F-11D3-BF4B-00C04F79EFBC}") = "Tyuiu.NikolaevaAN.Sprint5.Task5.V17", "Tyuiu.NikolaevaAN.Sprint5.Task5.V17\Tyuiu.NikolaevaAN.Sprint5.Task5.V17.csproj", "{AB722DE1-3096-4CB2-A00D-10978CC788A3}"
EndProject
Project("{FAE04EC0-301F-11D3-BF4B-00C04F79EFBC}") = "Tyuiu.NikolaevaAN.Sprint5.Task5.V17.Lib", "Tyuiu.NikolaevaAN.Sprint5.Task5.V17.Lib\Tyuiu.NikolaevaAN.Sprint5.Task5.V17.Lib.csproj", "{AF554E3B-4B97-4F87-A78F-722CD1EA36CD}"
EndProject
Project("{FAE04EC0-301F-11D3-BF4B-00C04F79EFBC}") = "Tyuiu.NikolaevaAN.Sprint5.Task5.V17.Test", "Tyuiu.NikolaevaAN.Sprint5.Task5.V17.Test\Tyuiu.NikolaevaAN.Sprint5.Task5.V17.Test.csproj", "{B00990D1-9405-43D3-8A5A-4F04E268EE75}"
EndProject
Global
	GlobalSection(SolutionConfigurationPlatforms) = preSolution
		Debug|Any CPU = Debug|Any CPU
		Release|Any CPU = Release|Any CPU
	EndGlobalSection
	GlobalSection(ProjectConfigurationPlatforms) = postSolution
		{658C4BD6-DD13-44F4-8A9F-ABC055CBBEEC}.Debug|Any CPU.ActiveCfg = Debug|Any CPU
		{658C4BD6-DD13-44F4-8A9F-ABC055CBBEEC}.Debug|Any CPU.Build.0 = Debug|Any CPU
		{658C4BD6-DD13-44F4-8A9F-ABC055CBBEEC}.Release|Any CPU.ActiveCfg = Release|Any CPU
		{658C4BD6-DD13-44F4-8A9F-ABC055CBBEEC}.Release|Any CPU.Build.0 = Release|Any CPU
		{4666172F-70F1-46BE-BE0F-50424321AEF0}.Debug|Any CPU.ActiveCfg = Debug|Any CPU
		{4666172F-70F1-46BE-BE0F-50424321AEF0}.Debug|Any CPU.Build.0 = Debug|Any CPU
		{4666172F-70F1-46BE-BE0F-50424321AEF0}.Release|Any CPU.ActiveCfg = Release|Any CPU
		{4666172F-70F1-46BE-BE0F-50424321AEF0}.Release|Any CPU.Build.0 = Release|Any CPU
		{8DD75083-14D2-4F62-8007-B3DC792ABDF7}.Debug|Any CPU.ActiveCfg = Debug|Any CPU
		{8DD75083-14D2-4F62-8007-B3DC792ABDF7}.Debug|Any CPU.Build.0 = Debug|Any CPU
		{8DD75083-14D2-4F62-8007-B3DC792ABDF7}.Release|Any CPU.ActiveCfg = Release|Any CPU
		{8DD75083-14D2-4F62-8007-B3DC792ABDF7}.Release|Any CPU.Build.0 = Release|Any CPU
		{81BF51CC-B8E5-4D20-A487-D84BD05F2629}.Debug|Any CPU.ActiveCfg = Debug|Any CPU
		{81BF51CC-B8E5-4D20-A487-D84BD05F2629}.Debug|Any CPU.Build.0 = Debug|Any CPU
		{81BF51CC-B8E5-4D20-A487-D84BD05F2629}.Release|Any CPU.ActiveCfg = Release|Any CPU
		{81BF51CC-B8E5-4D20-A487-D84BD05F2629}.Release|Any CPU.Build.0 = Release|Any CPU
		{0D748729-A304-4DFD-91F1-ADA7DDC1FB93}.Debug|Any CPU.ActiveCfg = Debug|Any CPU
		{0D748729-A304-4DFD-91F1-ADA7DDC1FB93}.Debug|Any CPU.Build.0 = Debug|Any CPU
		{0D748729-A304-4DFD-91F1-ADA7DDC1FB93}.Release|Any CPU.ActiveCfg = Release|Any CPU
		{0D748729-A304-4DFD-91F1-ADA7DDC1FB93}.Release|Any CPU.Build.0 = Release|Any CPU
		{7A27396B-B9D1-4FBB-B8C1-DBB4479D3F05}.Debug|Any CPU.ActiveCfg = Debug|Any CPU
		{7A27396B-B9D1-4FBB-B8C1-DBB4479D3F05}.Debug|Any CPU.Build.0 = Debug|Any CPU
		{7A27396B-B9D1-4FBB-B8C1-DBB4479D3F05}.Release|Any CPU.ActiveCfg = Release|Any CPU
		{7A27396B-B9D1-4FBB-B8C1-DBB4479D3F05}.Release|Any CPU.Build.0 = Release|Any CPU
		{B2C8E593-7F4F-4A6E-9A57-263E25EFA019}.Debug|Any CPU.ActiveCfg = Debug|Any CPU
		{B2C8E593-7F4F-4A6E-9A57-263E25EFA019}.Debug|Any CPU.Build.0 = Debug|Any CPU
		{B2C8E593-7F4F-4A6E-9A57-263E25EFA019}.Release|Any CPU.ActiveCfg = Release|Any CPU
		{B2C8E593-7F4F-4A6E-9A57-263E25EFA019}.Release|Any CPU.Build.0 = Release|Any CPU
		{8F612194-E08B-44FF-9900-E0544023AC1D}.Debug|Any CPU.ActiveCfg = Debug|Any CPU
		{8F612194-E08B-44FF-9900-E0544023AC1D}.Debug|Any CPU.Build.0 = Debug|Any CPU
		{8F612194-E08B-44FF-9900-E0544023AC1D}.Release|Any CPU.ActiveCfg = Release|Any CPU
		{8F612194-E08B-44FF-9900-E0544023AC1D}.Release|Any CPU.Build.0 = Release|Any CPU
		{1C2A95DC-7778-4844-B0F4-C41A0C532D91}.Debug|Any CPU.ActiveCfg = Debug|Any CPU
		{1C2A95DC-7778-4844-B0F4-C41A0C532D91}.Debug|Any CPU.Build.0 = Debug|Any CPU
		{1C2A95DC-7778-4844-B0F4-C41A0C532D91}.Release|Any CPU.ActiveCfg = Release|Any CPU
		{1C2A95DC-7778-4844-B0F4-C41A0C532D91}.Release|Any CPU.Build.0 = Release|Any CPU
		{8EF303D4-D2D6-48FD-AD8D-E9A30952C0F4}.Debug|Any CPU.ActiveCfg = Debug|Any CPU
		{8EF303D4-D2D6-48FD-AD8D-E9A30952C0F4}.Debug|Any CPU.Build.0 = Debug|Any CPU
		{8EF303D4-D2D6-48FD-AD8D-E9A30952C0F4}.Release|Any CPU.ActiveCfg = Release|Any CPU
		{8EF303D4-D2D6-48FD-AD8D-E9A30952C0F4}.Release|Any CPU.Build.0 = Release|Any CPU
		{92B38A4E-FA79-4368-B99D-2F981ED3692F}.Debug|Any CPU.ActiveCfg = Debug|Any CPU
		{92B38A4E-FA79-4368-B99D-2F981ED3692F}.Debug|Any CPU.Build.0 = Debug|Any CPU
		{92B38A4E-FA79-4368-B99D-2F981ED3692F}.Release|Any CPU.ActiveCfg = Release|Any CPU
		{92B38A4E-FA79-4368-B99D-2F981ED3692F}.Release|Any CPU.Build.0 = Release|Any CPU
		{64CAC394-DEB4-4309-A90A-66F278E75807}.Debug|Any CPU.ActiveCfg = Debug|Any CPU
		{64CAC394-DEB4-4309-A90A-66F278E75807}.Debug|Any CPU.Build.0 = Debug|Any CPU
		{64CAC394-DEB4-4309-A90A-66F278E75807}.Release|Any CPU.ActiveCfg = Release|Any CPU
		{64CAC394-DEB4-4309-A90A-66F278E75807}.Release|Any CPU.Build.0 = Release|Any CPU
		{C200EAD7-D0FC-4964-B211-C21A567A8FB2}.Debug|Any CPU.ActiveCfg = Debug|Any CPU
		{C200EAD7-D0FC-4964-B211-C21A567A8FB2}.Debug|Any CPU.Build.0 = Debug|Any CPU
		{C200EAD7-D0FC-4964-B211-C21A567A8FB2}.Release|Any CPU.ActiveCfg = Release|Any CPU
		{C200EAD7-D0FC-4964-B211-C21A567A8FB2}.Release|Any CPU.Build.0 = Release|Any CPU
		{1263BCF3-C2CA-4BB2-BDA3-ABDE5A2E9009}.Debug|Any CPU.ActiveCfg = Debug|Any CPU
		{1263BCF3-C2CA-4BB2-BDA3-ABDE5A2E9009}.Debug|Any CPU.Build.0 = Debug|Any CPU
		{1263BCF3-C2CA-4BB2-BDA3-ABDE5A2E9009}.Release|Any CPU.ActiveCfg = Release|Any CPU
		{1263BCF3-C2CA-4BB2-BDA3-ABDE5A2E9009}.Release|Any CPU.Build.0 = Release|Any CPU
		{FFC5C968-2879-46D5-BD29-74A5F3EA1F2D}.Debug|Any CPU.ActiveCfg = Debug|Any CPU
		{FFC5C968-2879-46D5-BD29-74A5F3EA1F2D}.Debug|Any CPU.Build.0 = Debug|Any CPU
		{FFC5C968-2879-46D5-BD29-74A5F3EA1F2D}.Release|Any CPU.ActiveCfg = Release|Any CPU
		{FFC5C968-2879-46D5-BD29-74A5F3EA1F2D}.Release|Any CPU.Build.0 = Release|Any CPU
		{AB722DE1-3096-4CB2-A00D-10978CC788A3}.Debug|Any CPU.ActiveCfg = Debug|Any CPU
		{AB722DE1-3096-4CB2-A00D-10978CC788A3}.Debug|Any CPU.Build.0 = Debug|Any CPU
		{AB722DE1-3096-4CB2-A00D-10978CC788A3}.Release|Any CPU.ActiveCfg = Release|Any CPU
		{AB722DE1-3096-4CB2-A00D-10978CC788A3}.Release|Any CPU.Build.0 = Release|Any CPU
		{AF554E3B-4B97-4F87-A78F-722CD1EA36CD}.Debug|Any CPU.ActiveCfg = Debug|Any CPU
		{AF554E3B-4B97-4F87-A78F-722CD1EA36CD}.Debug|Any CPU.Build.0 = Debug|Any CPU
		{AF554E3B-4B97-4F87-A78F-722CD1EA36CD}.Release|Any CPU.ActiveCfg = Release|Any CPU
		{AF554E3B-4B97-4F87-A78F-722CD1EA36CD}.Release|Any CPU.Build.0 = Release|Any CPU
		{B00990D1-9405-43D3-8A5A-4F04E268EE75}.Debug|Any CPU.ActiveCfg = Debug|Any CPU
		{B00990D1-9405-43D3-8A5A-4F04E268EE75}.Debug|Any CPU.Build.0 = Debug|Any CPU
		{B00990D1-9405-43D3-8A5A-4F04E268EE75}.Release|Any CPU.ActiveCfg = Release|Any CPU
		{B00990D1-9405-43D3-8A5A-4F04E268EE75}.Release|Any CPU.Build.0 = Release|Any CPU
	EndGlobalSection
	GlobalSection(SolutionProperties) = preSolution
		HideSolutionNode = FALSE
	EndGlobalSection
	GlobalSection(NestedProjects) = preSolution
		{658C4BD6-DD13-44F4-8A9F-ABC055CBBEEC} = {A8053540-5158-42F0-86FB-A8A69D001A87}
		{4666172F-70F1-46BE-BE0F-50424321AEF0} = {A8053540-5158-42F0-86FB-A8A69D001A87}
		{8DD75083-14D2-4F62-8007-B3DC792ABDF7} = {A8053540-5158-42F0-86FB-A8A69D001A87}
		{81BF51CC-B8E5-4D20-A487-D84BD05F2629} = {78A0C163-AB54-4182-B832-7586A2534E30}
		{0D748729-A304-4DFD-91F1-ADA7DDC1FB93} = {78A0C163-AB54-4182-B832-7586A2534E30}
		{7A27396B-B9D1-4FBB-B8C1-DBB4479D3F05} = {78A0C163-AB54-4182-B832-7586A2534E30}
		{B2C8E593-7F4F-4A6E-9A57-263E25EFA019} = {1211EC44-DCB4-4F12-8263-F0B84E0E7069}
		{8F612194-E08B-44FF-9900-E0544023AC1D} = {1211EC44-DCB4-4F12-8263-F0B84E0E7069}
		{1C2A95DC-7778-4844-B0F4-C41A0C532D91} = {1211EC44-DCB4-4F12-8263-F0B84E0E7069}
		{8EF303D4-D2D6-48FD-AD8D-E9A30952C0F4} = {3F2F953E-9EBF-439B-88B6-E5E729F60C1D}
		{92B38A4E-FA79-4368-B99D-2F981ED3692F} = {3F2F953E-9EBF-439B-88B6-E5E729F60C1D}
		{64CAC394-DEB4-4309-A90A-66F278E75807} = {3F2F953E-9EBF-439B-88B6-E5E729F60C1D}
		{C200EAD7-D0FC-4964-B211-C21A567A8FB2} = {22102B51-ABBB-4369-B848-FE12A450245B}
		{1263BCF3-C2CA-4BB2-BDA3-ABDE5A2E9009} = {22102B51-ABBB-4369-B848-FE12A450245B}
		{FFC5C968-2879-46D5-BD29-74A5F3EA1F2D} = {22102B51-ABBB-4369-B848-FE12A450245B}
		{AB722DE1-3096-4CB2-A00D-10978CC788A3} = {281478F2-9D6A-4C88-B107-F8FAED0674B8}
		{AF554E3B-4B97-4F87-A78F-722CD1EA36CD} = {281478F2-9D6A-4C88-B107-F8FAED0674B8}
		{B00990D1-9405-43D3-8A5A-4F04E268EE75} = {281478F2-9D6A-4C88-B107-F8FAED0674B8}
	EndGlobalSection
	GlobalSection(ExtensibilityGlobals) = postSolution
		SolutionGuid = {B84BAA67-13EA-4475-88B7-7A24F2957C16}
	EndGlobalSection
EndGlobal
